
Microsoft Visual Studio Solution File, Format Version 12.00
# Visual Studio Version 17
VisualStudioVersion = 17.14.36518.9
MinimumVisualStudioVersion = 10.0.40219.1
Project("{2150E333-8FDC-42A3-9474-1A3956D46DE8}") = "DAL", "DAL", "{02EA681E-C7D8-13C7-8484-4AC65E1B71E8}"
EndProject
Project("{FAE04EC0-301F-11D3-BF4B-00C04F79EFBC}") = "Sway.Dal", "DAL\Sway.Dal\Sway.Dal.csproj", "{BEAB4BBD-BB94-436E-BFE6-EF1D5842E2FF}"
EndProject
Project("{2150E333-8FDC-42A3-9474-1A3956D46DE8}") = "UI", "UI", "{43BB5EE1-994B-4BB2-A667-90EE2A8F0EB7}"
EndProject
Project("{FAE04EC0-301F-11D3-BF4B-00C04F79EFBC}") = "Sway.Core", "Sway.Core\Sway.Core.csproj", "{915D79FC-E17C-4666-9F20-1BEE72C7FFA9}"
EndProject
Project("{2150E333-8FDC-42A3-9474-1A3956D46DE8}") = "BAL", "BAL", "{0A17B710-7DBC-49E9-A030-6E06FDC43B0C}"
EndProject
Project("{FAE04EC0-301F-11D3-BF4B-00C04F79EFBC}") = "Sway.Library", "BAL\Sway.Library\Sway.Library.csproj", "{1AC67F84-E08C-418B-B13D-1B0573DBD53C}"
EndProject
Project("{FAE04EC0-301F-11D3-BF4B-00C04F79EFBC}") = "Sway.DalMock", "DAL\Sway.DalMock\Sway.DalMock.csproj", "{944B6B04-85AB-4B40-9986-97270DA02AB2}"
EndProject
Project("{FAE04EC0-301F-11D3-BF4B-00C04F79EFBC}") = "Sway.UI.TestConsole", "UI\Sway.UI.TestConsole\Sway.UI.TestConsole.csproj", "{C02DCE24-5483-4412-A92A-ECBB79859892}"
EndProject
Global
	GlobalSection(SolutionConfigurationPlatforms) = preSolution
		Debug|Any CPU = Debug|Any CPU
		Release|Any CPU = Release|Any CPU
	EndGlobalSection
	GlobalSection(ProjectConfigurationPlatforms) = postSolution
		{BEAB4BBD-BB94-436E-BFE6-EF1D5842E2FF}.Debug|Any CPU.ActiveCfg = Debug|Any CPU
		{BEAB4BBD-BB94-436E-BFE6-EF1D5842E2FF}.Debug|Any CPU.Build.0 = Debug|Any CPU
		{BEAB4BBD-BB94-436E-BFE6-EF1D5842E2FF}.Release|Any CPU.ActiveCfg = Release|Any CPU
		{BEAB4BBD-BB94-436E-BFE6-EF1D5842E2FF}.Release|Any CPU.Build.0 = Release|Any CPU
		{915D79FC-E17C-4666-9F20-1BEE72C7FFA9}.Debug|Any CPU.ActiveCfg = Debug|Any CPU
		{915D79FC-E17C-4666-9F20-1BEE72C7FFA9}.Debug|Any CPU.Build.0 = Debug|Any CPU
		{915D79FC-E17C-4666-9F20-1BEE72C7FFA9}.Release|Any CPU.ActiveCfg = Release|Any CPU
		{915D79FC-E17C-4666-9F20-1BEE72C7FFA9}.Release|Any CPU.Build.0 = Release|Any CPU
		{1AC67F84-E08C-418B-B13D-1B0573DBD53C}.Debug|Any CPU.ActiveCfg = Debug|Any CPU
		{1AC67F84-E08C-418B-B13D-1B0573DBD53C}.Debug|Any CPU.Build.0 = Debug|Any CPU
		{1AC67F84-E08C-418B-B13D-1B0573DBD53C}.Release|Any CPU.ActiveCfg = Release|Any CPU
		{1AC67F84-E08C-418B-B13D-1B0573DBD53C}.Release|Any CPU.Build.0 = Release|Any CPU
		{944B6B04-85AB-4B40-9986-97270DA02AB2}.Debug|Any CPU.ActiveCfg = Debug|Any CPU
		{944B6B04-85AB-4B40-9986-97270DA02AB2}.Debug|Any CPU.Build.0 = Debug|Any CPU
		{944B6B04-85AB-4B40-9986-97270DA02AB2}.Release|Any CPU.ActiveCfg = Release|Any CPU
		{944B6B04-85AB-4B40-9986-97270DA02AB2}.Release|Any CPU.Build.0 = Release|Any CPU
		{C02DCE24-5483-4412-A92A-ECBB79859892}.Debug|Any CPU.ActiveCfg = Debug|Any CPU
		{C02DCE24-5483-4412-A92A-ECBB79859892}.Debug|Any CPU.Build.0 = Debug|Any CPU
		{C02DCE24-5483-4412-A92A-ECBB79859892}.Release|Any CPU.ActiveCfg = Release|Any CPU
		{C02DCE24-5483-4412-A92A-ECBB79859892}.Release|Any CPU.Build.0 = Release|Any CPU
	EndGlobalSection
	GlobalSection(SolutionProperties) = preSolution
		HideSolutionNode = FALSE
	EndGlobalSection
	GlobalSection(NestedProjects) = preSolution
		{BEAB4BBD-BB94-436E-BFE6-EF1D5842E2FF} = {02EA681E-C7D8-13C7-8484-4AC65E1B71E8}
		{1AC67F84-E08C-418B-B13D-1B0573DBD53C} = {0A17B710-7DBC-49E9-A030-6E06FDC43B0C}
		{944B6B04-85AB-4B40-9986-97270DA02AB2} = {02EA681E-C7D8-13C7-8484-4AC65E1B71E8}
		{C02DCE24-5483-4412-A92A-ECBB79859892} = {43BB5EE1-994B-4BB2-A667-90EE2A8F0EB7}
	EndGlobalSection
	GlobalSection(ExtensibilityGlobals) = postSolution
		SolutionGuid = {4985837A-694A-4E07-8264-395D7E9FAA62}
	EndGlobalSection
EndGlobal
